
Microsoft Visual Studio Solution File, Format Version 12.00
# Visual Studio Version 17
VisualStudioVersion = 17.3.32825.248
MinimumVisualStudioVersion = 10.0.40219.1
Project("{8BC9CEB8-8B4A-11D0-8D11-00A0C91BC942}") = "allocation_tracking_basic", "allocation_tracking_basic\allocation_tracking_basic.vcxproj", "{EA478A54-C524-47DC-8E5B-BFD1B58709D4}"
EndProject
Global
	GlobalSection(SolutionConfigurationPlatforms) = preSolution
		Debug|x64 = Debug|x64
		Debug|x86 = Debug|x86
		Release|x64 = Release|x64
		Release|x86 = Release|x86
	EndGlobalSection
	GlobalSection(ProjectConfigurationPlatforms) = postSolution
		{EA478A54-C524-47DC-8E5B-BFD1B58709D4}.Debug|x64.ActiveCfg = Debug|x64
		{EA478A54-C524-47DC-8E5B-BFD1B58709D4}.Debug|x64.Build.0 = Debug|x64
		{EA478A54-C524-47DC-8E5B-BFD1B58709D4}.Debug|x86.ActiveCfg = Debug|Win32
		{EA478A54-C524-47DC-8E5B-BFD1B58709D4}.Debug|x86.Build.0 = Debug|Win32
		{EA478A54-C524-47DC-8E5B-BFD1B58709D4}.Release|x64.ActiveCfg = Release|x64
		{EA478A54-C524-47DC-8E5B-BFD1B58709D4}.Release|x64.Build.0 = Release|x64
		{EA478A54-C524-47DC-8E5B-BFD1B58709D4}.Release|x86.ActiveCfg = Release|Win32
		{EA478A54-C524-47DC-8E5B-BFD1B58709D4}.Release|x86.Build.0 = Release|Win32
	EndGlobalSection
	GlobalSection(SolutionProperties) = preSolution
		HideSolutionNode = FALSE
	EndGlobalSection
	GlobalSection(ExtensibilityGlobals) = postSolution
		SolutionGuid = {F36A14B6-CAD8-4131-9F42-1261E0FE8680}
	EndGlobalSection
EndGlobal
